PODS:
  - Flutter (2.10.5)
  - flutter_contacts (1.1.4):
    - Flutter
  - moyoung_ble_plugin (0.0.7):
    - Flutter
  - path_provider_ios (2.0.10):
    - Flutter
  - permission_handler (8.3.0):
    - Flutter

DEPENDENCIES:
  - Flutter (from `Flutter`)
  - flutter_contacts (from `.symlinks/plugins/flutter_contacts/ios`)
  - moyoung_ble_plugin (from `.symlinks/plugins/moyoung_ble_plugin/ios`)
  - path_provider_ios (from `.symlinks/plugins/path_provider_ios/ios`)
  - permission_handler (from `.symlinks/plugins/permission_handler/ios`)

EXTERNAL SOURCES:
  Flutter:
    :path: Flutter
  flutter_contacts:
    :path: ".symlinks/plugins/flutter_contacts/ios"
  moyoung_ble_plugin:
    :path: ".symlinks/plugins/moyoung_ble_plugin/ios"
  path_provider_ios:
    :path: ".symlinks/plugins/path_provider_ios/ios"
  permission_handler:
    :path: ".symlinks/plugins/permission_handler/ios"

SPEC CHECKSUMS:
  Flutter: ff3730d7f07cebcfcdef34852d8277875e922b0f
  flutter_contacts: c181f2805ba5b5faf321f76e77bae190d4e3d2d2
  moyoung_ble_plugin: d4a0f1552c2ed068b1add06dde530fe55ba45aff
  path_provider_ios: 7ea54e8fd3facd4e768542721ed6a2995d99877e
  permission_handler: 7d89757ac653ba4b0121af02210fecc7c346cb53

PODFILE CHECKSUM: aafe91acc616949ddb318b77800a7f51bffa2a4c

COCOAPODS: 1.11.3
